
Microsoft Visual Studio Solution File, Format Version 12.00
# Visual Studio Version 16
VisualStudioVersion = 16.0.31410.357
MinimumVisualStudioVersion = 10.0.40219.1
Project("{FAE04EC0-301F-11D3-BF4B-00C04F79EFBC}") = "Tarea04_17", "Tarea04_17\Tarea04_17.csproj", "{14B0A0D8-509A-4C51-BA92-C9F90E0788BC}"
EndProject
Global
	GlobalSection(SolutionConfigurationPlatforms) = preSolution
		Debug|Any CPU = Debug|Any CPU
		Release|Any CPU = Release|Any CPU
	EndGlobalSection
	GlobalSection(ProjectConfigurationPlatforms) = postSolution
		{14B0A0D8-509A-4C51-BA92-C9F90E0788BC}.Debug|Any CPU.ActiveCfg = Debug|Any CPU
		{14B0A0D8-509A-4C51-BA92-C9F90E0788BC}.Debug|Any CPU.Build.0 = Debug|Any CPU
		{14B0A0D8-509A-4C51-BA92-C9F90E0788BC}.Release|Any CPU.ActiveCfg = Release|Any CPU
		{14B0A0D8-509A-4C51-BA92-C9F90E0788BC}.Release|Any CPU.Build.0 = Release|Any CPU
	EndGlobalSection
	GlobalSection(SolutionProperties) = preSolution
		HideSolutionNode = FALSE
	EndGlobalSection
	GlobalSection(ExtensibilityGlobals) = postSolution
		SolutionGuid = {EF01348D-FDE3-4809-B25B-6532D92634C9}
	EndGlobalSection
EndGlobal
